
Microsoft Visual Studio Solution File, Format Version 11.00
# Visual Studio 2010
Project("{FAE04EC0-301F-11D3-BF4B-00C04F79EFBC}") = "Assembly-CSharp", "Assembly-CSharp.csproj", "{F3E48BA8-9D5E-FA0F-8C58-DA8A876B3552}"
EndProject
Global
	GlobalSection(SolutionConfigurationPlatforms) = preSolution
		Debug|Any CPU = Debug|Any CPU
		Release|Any CPU = Release|Any CPU
	EndGlobalSection
	GlobalSection(ProjectConfigurationPlatforms) = postSolution
		{F3E48BA8-9D5E-FA0F-8C58-DA8A876B3552}.Debug|Any CPU.ActiveCfg = Debug|Any CPU
		{F3E48BA8-9D5E-FA0F-8C58-DA8A876B3552}.Debug|Any CPU.Build.0 = Debug|Any CPU
		{F3E48BA8-9D5E-FA0F-8C58-DA8A876B3552}.Release|Any CPU.ActiveCfg = Release|Any CPU
		{F3E48BA8-9D5E-FA0F-8C58-DA8A876B3552}.Release|Any CPU.Build.0 = Release|Any CPU
	EndGlobalSection
	GlobalSection(SolutionProperties) = preSolution
		HideSolutionNode = FALSE
	EndGlobalSection
	GlobalSection(MonoDevelopProperties) = preSolution
		StartupItem = Assembly-CSharp.csproj
	EndGlobalSection
EndGlobal
